// !$*UTF8*$!
{
	archiveVersion = 1;
	classes = {
	};
	objectVersion = 48;
	objects = {

/* Begin PBXBuildFile section */
		2E4521C72060EA6500A6C71D /* Main.storyboard in Resources */ = {isa = PBXBuildFile; fileRef = 2E4521C52060EA6500A6C71D /* Main.storyboard */; };
		2E4521C92060EA6500A6C71D /* Assets.xcassets in Resources */ = {isa = PBXBuildFile; fileRef = 2E4521C82060EA6500A6C71D /* Assets.xcassets */; };
		2E4521CC2060EA6500A6C71D /* LaunchScreen.storyboard in Resources */ = {isa = PBXBuildFile; fileRef = 2E4521CA2060EA6500A6C71D /* LaunchScreen.storyboard */; };
		2E4521CF2060EA6500A6C71D /* main.m in Sources */ = {isa = PBXBuildFile; fileRef = 2E4521CE2060EA6500A6C71D /* main.m */; };
		2E4521D92060EA6500A6C71D /* BugKitExampleTests.m in Sources */ = {isa = PBXBuildFile; fileRef = 2E4521D82060EA6500A6C71D /* BugKitExampleTests.m */; };
		2E45220D2060EB1D00A6C71D /* config.json in Resources */ = {isa = PBXBuildFile; fileRef = 2E4521F12060EB1D00A6C71D /* config.json */; };
		2E45220E2060EB1D00A6C71D /* LujhBaseUrlManager.m in Sources */ = {isa = PBXBuildFile; fileRef = 2E4521F42060EB1D00A6C71D /* LujhBaseUrlManager.m */; };
		2E45220F2060EB1D00A6C71D /* LujhNetWorkManager.m in Sources */ = {isa = PBXBuildFile; fileRef = 2E4521F52060EB1D00A6C71D /* LujhNetWorkManager.m */; };
		2E4522102060EB1D00A6C71D /* MeVC.m in Sources */ = {isa = PBXBuildFile; fileRef = 2E4521F92060EB1D00A6C71D /* MeVC.m */; };
		2E4522112060EB1D00A6C71D /* HomeVC.m in Sources */ = {isa = PBXBuildFile; fileRef = 2E4521FB2060EB1D00A6C71D /* HomeVC.m */; };
		2E4522122060EB1D00A6C71D /* TestVC.m in Sources */ = {isa = PBXBuildFile; fileRef = 2E4521FD2060EB1D00A6C71D /* TestVC.m */; };
		2E4522142060EB1D00A6C71D /* AppDelegate+ThirdService.m in Sources */ = {isa = PBXBuildFile; fileRef = 2E4522032060EB1D00A6C71D /* AppDelegate+ThirdService.m */; };
		2E4522152060EB1D00A6C71D /* AppDelegate.m in Sources */ = {isa = PBXBuildFile; fileRef = 2E4522052060EB1D00A6C71D /* AppDelegate.m */; };
		2E4522162060EB1D00A6C71D /* BaseVC.m in Sources */ = {isa = PBXBuildFile; fileRef = 2E45220A2060EB1D00A6C71D /* BaseVC.m */; };
		2E4522172060EB1D00A6C71D /* TLTabBarViewController.m in Sources */ = {isa = PBXBuildFile; fileRef = 2E45220B2060EB1D00A6C71D /* TLTabBarViewController.m */; };
		2E4522182060EB1D00A6C71D /* TLNavigationViewController.m in Sources */ = {isa = PBXBuildFile; fileRef = 2E45220C2060EB1D00A6C71D /* TLNavigationViewController.m */; };
		2E4522302060F47600A6C71D /* BugKitShakeWindow.m in Sources */ = {isa = PBXBuildFile; fileRef = 2E45222F2060F47600A6C71D /* BugKitShakeWindow.m */; };
		2E4522332060F4C700A6C71D /* BugkitListTableViewController.m in Sources */ = {isa = PBXBuildFile; fileRef = 2E4522322060F4C700A6C71D /* BugkitListTableViewController.m */; };
		2E4522362060F70700A6C71D /* BugKitSwitchBaseUrlController.m in Sources */ = {isa = PBXBuildFile; fileRef = 2E4522352060F70700A6C71D /* BugKitSwitchBaseUrlController.m */; };
		2E4522392060F79A00A6C71D /* BugKitAppDownloadController.m in Sources */ = {isa = PBXBuildFile; fileRef = 2E4522382060F79A00A6C71D /* BugKitAppDownloadController.m */; };
		2E4522BA20610A7A00A6C71D /* MobileCoreServices.framework in Frameworks */ = {isa = PBXBuildFile; fileRef = 2E4522B920610A7A00A6C71D /* MobileCoreServices.framework */; };
		2E4523612061EF7E00A6C71D /* BugKitLogInfoViewController.m in Sources */ = {isa = PBXBuildFile; fileRef = 2E4523602061EF7E00A6C71D /* BugKitLogInfoViewController.m */; };
		2E45239420622DC500A6C71D /* BugKitSwitchBaseUrlController.m in Sources */ = {isa = PBXBuildFile; fileRef = 2E4522352060F70700A6C71D /* BugKitSwitchBaseUrlController.m */; };
		2E45239520622DC500A6C71D /* AppDelegate+ThirdService.m in Sources */ = {isa = PBXBuildFile; fileRef = 2E4522032060EB1D00A6C71D /* AppDelegate+ThirdService.m */; };
		2E45239620622DC500A6C71D /* TestVC.m in Sources */ = {isa = PBXBuildFile; fileRef = 2E4521FD2060EB1D00A6C71D /* TestVC.m */; };
		2E45239720622DC500A6C71D /* BugKitLogInfoViewController.m in Sources */ = {isa = PBXBuildFile; fileRef = 2E4523602061EF7E00A6C71D /* BugKitLogInfoViewController.m */; };
		2E45239820622DC500A6C71D /* AppDelegate.m in Sources */ = {isa = PBXBuildFile; fileRef = 2E4522052060EB1D00A6C71D /* AppDelegate.m */; };
		2E45239920622DC500A6C71D /* TLTabBarViewController.m in Sources */ = {isa = PBXBuildFile; fileRef = 2E45220B2060EB1D00A6C71D /* TLTabBarViewController.m */; };
		2E45239A20622DC500A6C71D /* BaseVC.m in Sources */ = {isa = PBXBuildFile; fileRef = 2E45220A2060EB1D00A6C71D /* BaseVC.m */; };
		2E45239B20622DC500A6C71D /* BugkitListTableViewController.m in Sources */ = {isa = PBXBuildFile; fileRef = 2E4522322060F4C700A6C71D /* BugkitListTableViewController.m */; };
		2E45239C20622DC500A6C71D /* BugKitShakeWindow.m in Sources */ = {isa = PBXBuildFile; fileRef = 2E45222F2060F47600A6C71D /* BugKitShakeWindow.m */; };
		2E45239D20622DC500A6C71D /* MeVC.m in Sources */ = {isa = PBXBuildFile; fileRef = 2E4521F92060EB1D00A6C71D /* MeVC.m */; };
		2E45239E20622DC500A6C71D /* TLNavigationViewController.m in Sources */ = {isa = PBXBuildFile; fileRef = 2E45220C2060EB1D00A6C71D /* TLNavigationViewController.m */; };
		2E45239F20622DC500A6C71D /* main.m in Sources */ = {isa = PBXBuildFile; fileRef = 2E4521CE2060EA6500A6C71D /* main.m */; };
		2E4523A020622DC500A6C71D /* BugKitAppDownloadController.m in Sources */ = {isa = PBXBuildFile; fileRef = 2E4522382060F79A00A6C71D /* BugKitAppDownloadController.m */; };
		2E4523A120622DC500A6C71D /* LujhBaseUrlManager.m in Sources */ = {isa = PBXBuildFile; fileRef = 2E4521F42060EB1D00A6C71D /* LujhBaseUrlManager.m */; };
		2E4523A220622DC500A6C71D /* HomeVC.m in Sources */ = {isa = PBXBuildFile; fileRef = 2E4521FB2060EB1D00A6C71D /* HomeVC.m */; };
		2E4523A320622DC500A6C71D /* LujhNetWorkManager.m in Sources */ = {isa = PBXBuildFile; fileRef = 2E4521F52060EB1D00A6C71D /* LujhNetWorkManager.m */; };
		2E4523A520622DC500A6C71D /* MobileCoreServices.framework in Frameworks */ = {isa = PBXBuildFile; fileRef = 2E4522B920610A7A00A6C71D /* MobileCoreServices.framework */; };
		2E4523A820622DC500A6C71D /* LaunchScreen.storyboard in Resources */ = {isa = PBXBuildFile; fileRef = 2E4521CA2060EA6500A6C71D /* LaunchScreen.storyboard */; };
		2E4523A920622DC500A6C71D /* config.json in Resources */ = {isa = PBXBuildFile; fileRef = 2E4521F12060EB1D00A6C71D /* config.json */; };
		2E4523AA20622DC500A6C71D /* Assets.xcassets in Resources */ = {isa = PBXBuildFile; fileRef = 2E4521C82060EA6500A6C71D /* Assets.xcassets */; };
		2E4523AB20622DC500A6C71D /* Main.storyboard in Resources */ = {isa = PBXBuildFile; fileRef = 2E4521C52060EA6500A6C71D /* Main.storyboard */; };
		2E4523B520622F6700A6C71D /* PhoneInformation.m in Sources */ = {isa = PBXBuildFile; fileRef = 2E4523B420622F6700A6C71D /* PhoneInformation.m */; };
		838A782F9FBB36D0EEAF704B /* libPods-BugKitExample.a in Frameworks */ = {isa = PBXBuildFile; fileRef = 635E4B980412679DC2C6A5D8 /* libPods-BugKitExample.a */; };
		9951EED06E043A959B5B41F9 /* libPods-BugKitExample.a in Frameworks */ = {isa = PBXBuildFile; fileRef = 635E4B980412679DC2C6A5D8 /* libPods-BugKitExample.a */; };
/* End PBXBuildFile section */

/* Begin PBXContainerItemProxy section */
		2E4521D52060EA6500A6C71D /* PBXContainerItemProxy */ = {
			isa = PBXContainerItemProxy;
			containerPortal = 2E4521B42060EA6500A6C71D /* Project object */;
			proxyType = 1;
			remoteGlobalIDString = 2E4521BB2060EA6500A6C71D;
			remoteInfo = BugKitExample;
		};
/* End PBXContainerItemProxy section */

/* Begin PBXFileReference section */
		2E4521BC2060EA6500A6C71D /* BugKitExample.app */ = {isa = PBXFileReference; explicitFileType = wrapper.application; includeInIndex = 0; path = BugKitExample.app; sourceTree = BUILT_PRODUCTS_DIR; };
		2E4521C62060EA6500A6C71D /* Base */ = {isa = PBXFileReference; lastKnownFileType = file.storyboard; name = Base; path = Base.lproj/Main.storyboard; sourceTree = "<group>"; };
		2E4521C82060EA6500A6C71D /* Assets.xcassets */ = {isa = PBXFileReference; lastKnownFileType = folder.assetcatalog; path = Assets.xcassets; sourceTree = "<group>"; };
		2E4521CB2060EA6500A6C71D /* Base */ = {isa = PBXFileReference; lastKnownFileType = file.storyboard; name = Base; path = Base.lproj/LaunchScreen.storyboard; sourceTree = "<group>"; };
		2E4521CD2060EA6500A6C71D /* Info.plist */ = {isa = PBXFileReference; lastKnownFileType = text.plist.xml; path = Info.plist; sourceTree = "<group>"; };
		2E4521CE2060EA6500A6C71D /* main.m */ = {isa = PBXFileReference; lastKnownFileType = sourcecode.c.objc; path = main.m; sourceTree = "<group>"; };
		2E4521D42060EA6500A6C71D /* BugKitExampleTests.xctest */ = {isa = PBXFileReference; explicitFileType = wrapper.cfbundle; includeInIndex = 0; path = BugKitExampleTests.xctest; sourceTree = BUILT_PRODUCTS_DIR; };
		2E4521D82060EA6500A6C71D /* BugKitExampleTests.m */ = {isa = PBXFileReference; lastKnownFileType = sourcecode.c.objc; path = BugKitExampleTests.m; sourceTree = "<group>"; };
		2E4521DA2060EA6500A6C71D /* Info.plist */ = {isa = PBXFileReference; lastKnownFileType = text.plist.xml; path = Info.plist; sourceTree = "<group>"; };
		2E4521F12060EB1D00A6C71D /* config.json */ = {isa = PBXFileReference; fileEncoding = 4; lastKnownFileType = text.json; path = config.json; sourceTree = "<group>"; };
		2E4521F42060EB1D00A6C71D /* LujhBaseUrlManager.m */ = {isa = PBXFileReference; fileEncoding = 4; lastKnownFileType = sourcecode.c.objc; path = LujhBaseUrlManager.m; sourceTree = "<group>"; };
		2E4521F52060EB1D00A6C71D /* LujhNetWorkManager.m */ = {isa = PBXFileReference; fileEncoding = 4; lastKnownFileType = sourcecode.c.objc; path = LujhNetWorkManager.m; sourceTree = "<group>"; };
		2E4521F62060EB1D00A6C71D /* LujhBaseUrlManager.h */ = {isa = PBXFileReference; fileEncoding = 4; lastKnownFileType = sourcecode.c.h; path = LujhBaseUrlManager.h; sourceTree = "<group>"; };
		2E4521F72060EB1D00A6C71D /* LujhNetWorkManager.h */ = {isa = PBXFileReference; fileEncoding = 4; lastKnownFileType = sourcecode.c.h; path = LujhNetWorkManager.h; sourceTree = "<group>"; };
		2E4521F92060EB1D00A6C71D /* MeVC.m */ = {isa = PBXFileReference; fileEncoding = 4; lastKnownFileType = sourcecode.c.objc; path = MeVC.m; sourceTree = "<group>"; };
		2E4521FA2060EB1D00A6C71D /* TestVC.h */ = {isa = PBXFileReference; fileEncoding = 4; lastKnownFileType = sourcecode.c.h; path = TestVC.h; sourceTree = "<group>"; };
		2E4521FB2060EB1D00A6C71D /* HomeVC.m */ = {isa = PBXFileReference; fileEncoding = 4; lastKnownFileType = sourcecode.c.objc; path = HomeVC.m; sourceTree = "<group>"; };
		2E4521FD2060EB1D00A6C71D /* TestVC.m */ = {isa = PBXFileReference; fileEncoding = 4; lastKnownFileType = sourcecode.c.objc; path = TestVC.m; sourceTree = "<group>"; };
		2E4521FE2060EB1D00A6C71D /* MeVC.h */ = {isa = PBXFileReference; fileEncoding = 4; lastKnownFileType = sourcecode.c.h; path = MeVC.h; sourceTree = "<group>"; };
		2E4522002060EB1D00A6C71D /* HomeVC.h */ = {isa = PBXFileReference; fileEncoding = 4; lastKnownFileType = sourcecode.c.h; path = HomeVC.h; sourceTree = "<group>"; };
		2E4522022060EB1D00A6C71D /* AppDelegate.h */ = {isa = PBXFileReference; fileEncoding = 4; lastKnownFileType = sourcecode.c.h; path = AppDelegate.h; sourceTree = "<group>"; };
		2E4522032060EB1D00A6C71D /* AppDelegate+ThirdService.m */ = {isa = PBXFileReference; fileEncoding = 4; lastKnownFileType = sourcecode.c.objc; path = "AppDelegate+ThirdService.m"; sourceTree = "<group>"; };
		2E4522042060EB1D00A6C71D /* AppDelegate+ThirdService.h */ = {isa = PBXFileReference; fileEncoding = 4; lastKnownFileType = sourcecode.c.h; path = "AppDelegate+ThirdService.h"; sourceTree = "<group>"; };
		2E4522052060EB1D00A6C71D /* AppDelegate.m */ = {isa = PBXFileReference; fileEncoding = 4; lastKnownFileType = sourcecode.c.objc; path = AppDelegate.m; sourceTree = "<group>"; };
		2E4522072060EB1D00A6C71D /* BaseVC.h */ = {isa = PBXFileReference; fileEncoding = 4; lastKnownFileType = sourcecode.c.h; path = BaseVC.h; sourceTree = "<group>"; };
		2E4522082060EB1D00A6C71D /* TLTabBarViewController.h */ = {isa = PBXFileReference; fileEncoding = 4; lastKnownFileType = sourcecode.c.h; path = TLTabBarViewController.h; sourceTree = "<group>"; };
		2E4522092060EB1D00A6C71D /* TLNavigationViewController.h */ = {isa = PBXFileReference; fileEncoding = 4; lastKnownFileType = sourcecode.c.h; path = TLNavigationViewController.h; sourceTree = "<group>"; };
		2E45220A2060EB1D00A6C71D /* BaseVC.m */ = {isa = PBXFileReference; fileEncoding = 4; lastKnownFileType = sourcecode.c.objc; path = BaseVC.m; sourceTree = "<group>"; };
		2E45220B2060EB1D00A6C71D /* TLTabBarViewController.m */ = {isa = PBXFileReference; fileEncoding = 4; lastKnownFileType = sourcecode.c.objc; path = TLTabBarViewController.m; sourceTree = "<group>"; };
		2E45220C2060EB1D00A6C71D /* TLNavigationViewController.m */ = {isa = PBXFileReference; fileEncoding = 4; lastKnownFileType = sourcecode.c.objc; path = TLNavigationViewController.m; sourceTree = "<group>"; };
		2E45222D2060F44000A6C71D /* Bugkit.h */ = {isa = PBXFileReference; lastKnownFileType = sourcecode.c.h; path = Bugkit.h; sourceTree = "<group>"; };
		2E45222E2060F47600A6C71D /* BugKitShakeWindow.h */ = {isa = PBXFileReference; lastKnownFileType = sourcecode.c.h; path = BugKitShakeWindow.h; sourceTree = "<group>"; };
		2E45222F2060F47600A6C71D /* BugKitShakeWindow.m */ = {isa = PBXFileReference; lastKnownFileType = sourcecode.c.objc; path = BugKitShakeWindow.m; sourceTree = "<group>"; };
		2E4522312060F4C700A6C71D /* BugkitListTableViewController.h */ = {isa = PBXFileReference; lastKnownFileType = sourcecode.c.h; path = BugkitListTableViewController.h; sourceTree = "<group>"; };
		2E4522322060F4C700A6C71D /* BugkitListTableViewController.m */ = {isa = PBXFileReference; lastKnownFileType = sourcecode.c.objc; path = BugkitListTableViewController.m; sourceTree = "<group>"; };
		2E4522342060F70700A6C71D /* BugKitSwitchBaseUrlController.h */ = {isa = PBXFileReference; lastKnownFileType = sourcecode.c.h; path = BugKitSwitchBaseUrlController.h; sourceTree = "<group>"; };
		2E4522352060F70700A6C71D /* BugKitSwitchBaseUrlController.m */ = {isa = PBXFileReference; lastKnownFileType = sourcecode.c.objc; path = BugKitSwitchBaseUrlController.m; sourceTree = "<group>"; };
		2E4522372060F79A00A6C71D /* BugKitAppDownloadController.h */ = {isa = PBXFileReference; lastKnownFileType = sourcecode.c.h; path = BugKitAppDownloadController.h; sourceTree = "<group>"; };
		2E4522382060F79A00A6C71D /* BugKitAppDownloadController.m */ = {isa = PBXFileReference; lastKnownFileType = sourcecode.c.objc; path = BugKitAppDownloadController.m; sourceTree = "<group>"; };
		2E4522B920610A7A00A6C71D /* MobileCoreServices.framework */ = {isa = PBXFileReference; lastKnownFileType = wrapper.framework; name = MobileCoreServices.framework; path = System/Library/Frameworks/MobileCoreServices.framework; sourceTree = SDKROOT; };
		2E45235F2061EF7E00A6C71D /* BugKitLogInfoViewController.h */ = {isa = PBXFileReference; lastKnownFileType = sourcecode.c.h; path = BugKitLogInfoViewController.h; sourceTree = "<group>"; };
		2E4523602061EF7E00A6C71D /* BugKitLogInfoViewController.m */ = {isa = PBXFileReference; lastKnownFileType = sourcecode.c.objc; path = BugKitLogInfoViewController.m; sourceTree = "<group>"; };
		2E4523B120622DC500A6C71D /* BugKitExample copy.app */ = {isa = PBXFileReference; explicitFileType = wrapper.application; includeInIndex = 0; path = "BugKitExample copy.app"; sourceTree = BUILT_PRODUCTS_DIR; };
		2E4523B220622DC500A6C71D /* BugKitExample copy-Info.plist */ = {isa = PBXFileReference; lastKnownFileType = text.plist.xml; name = "BugKitExample copy-Info.plist"; path = "/Users/lujh/Desktop/BugKit/BugKitExample copy-Info.plist"; sourceTree = "<absolute>"; };
		2E4523B320622F6700A6C71D /* PhoneInformation.h */ = {isa = PBXFileReference; lastKnownFileType = sourcecode.c.h; path = PhoneInformation.h; sourceTree = "<group>"; };
		2E4523B420622F6700A6C71D /* PhoneInformation.m */ = {isa = PBXFileReference; lastKnownFileType = sourcecode.c.objc; path = PhoneInformation.m; sourceTree = "<group>"; };
		635E4B980412679DC2C6A5D8 /* libPods-BugKitExample.a */ = {isa = PBXFileReference; explicitFileType = archive.ar; includeInIndex = 0; path = "libPods-BugKitExample.a"; sourceTree = BUILT_PRODUCTS_DIR; };
		C3E9ABB7F8EA7F4D10B830C4 /* Pods-BugKitExample.release.xcconfig */ = {isa = PBXFileReference; includeInIndex = 1; lastKnownFileType = text.xcconfig; name = "Pods-BugKitExample.release.xcconfig"; path = "Pods/Target Support Files/Pods-BugKitExample/Pods-BugKitExample.release.xcconfig"; sourceTree = "<group>"; };
		CC8FE3DB659ABD9881EE6918 /* Pods-BugKitExample.debug.xcconfig */ = {isa = PBXFileReference; includeInIndex = 1; lastKnownFileType = text.xcconfig; name = "Pods-BugKitExample.debug.xcconfig"; path = "Pods/Target Support Files/Pods-BugKitExample/Pods-BugKitExample.debug.xcconfig"; sourceTree = "<group>"; };
/* End PBXFileReference section */

/* Begin PBXFrameworksBuildPhase section */
		2E4521B92060EA6500A6C71D /* Frameworks */ = {
			isa = PBXFrameworksBuildPhase;
			buildActionMask = 2147483647;
			files = (
				2E4522BA20610A7A00A6C71D /* MobileCoreServices.framework in Frameworks */,
				838A782F9FBB36D0EEAF704B /* libPods-BugKitExample.a in Frameworks */,
				9951EED06E043A959B5B41F9 /* libPods-BugKitExample.a in Frameworks */,
			);
			runOnlyForDeploymentPostprocessing = 0;
		};
		2E4521D12060EA6500A6C71D /* Frameworks */ = {
			isa = PBXFrameworksBuildPhase;
			buildActionMask = 2147483647;
			files = (
			);
			runOnlyForDeploymentPostprocessing = 0;
		};
		2E4523A420622DC500A6C71D /* Frameworks */ = {
			isa = PBXFrameworksBuildPhase;
			buildActionMask = 2147483647;
			files = (
				2E4523A520622DC500A6C71D /* MobileCoreServices.framework in Frameworks */,
			);
			runOnlyForDeploymentPostprocessing = 0;
		};
/* End PBXFrameworksBuildPhase section */

/* Begin PBXGroup section */
		2E4521B32060EA6500A6C71D = {
			isa = PBXGroup;
			children = (
				2E4521BE2060EA6500A6C71D /* BugKitExample */,
				2E4521D72060EA6500A6C71D /* BugKitExampleTests */,
				2E4521BD2060EA6500A6C71D /* Products */,
				C5C590D99007E40AC1F2CD64 /* Pods */,
				51BC7637DBABB12BCFEB83B5 /* Frameworks */,
				2E4523B220622DC500A6C71D /* BugKitExample copy-Info.plist */,
			);
			sourceTree = "<group>";
		};
		2E4521BD2060EA6500A6C71D /* Products */ = {
			isa = PBXGroup;
			children = (
				2E4521BC2060EA6500A6C71D /* BugKitExample.app */,
				2E4521D42060EA6500A6C71D /* BugKitExampleTests.xctest */,
				2E4523B120622DC500A6C71D /* BugKitExample copy.app */,
			);
			name = Products;
			sourceTree = "<group>";
		};
		2E4521BE2060EA6500A6C71D /* BugKitExample */ = {
			isa = PBXGroup;
			children = (
				2E4522192060EB2500A6C71D /* BugKit */,
				2E4521F22060EB1D00A6C71D /* Moudle */,
				2E4521C52060EA6500A6C71D /* Main.storyboard */,
				2E4521C82060EA6500A6C71D /* Assets.xcassets */,
				2E4521CA2060EA6500A6C71D /* LaunchScreen.storyboard */,
				2E4521CD2060EA6500A6C71D /* Info.plist */,
				2E4521F12060EB1D00A6C71D /* config.json */,
				2E4521CE2060EA6500A6C71D /* main.m */,
			);
			path = BugKitExample;
			sourceTree = "<group>";
		};
		2E4521D72060EA6500A6C71D /* BugKitExampleTests */ = {
			isa = PBXGroup;
			children = (
				2E4521D82060EA6500A6C71D /* BugKitExampleTests.m */,
				2E4521DA2060EA6500A6C71D /* Info.plist */,
			);
			path = BugKitExampleTests;
			sourceTree = "<group>";
		};
		2E4521F22060EB1D00A6C71D /* Moudle */ = {
			isa = PBXGroup;
			children = (
				2E4521F32060EB1D00A6C71D /* Network */,
				2E4522012060EB1D00A6C71D /* AppDelegate */,
				2E4522062060EB1D00A6C71D /* Main */,
				2E4521F82060EB1D00A6C71D /* Class */,
			);
			path = Moudle;
			sourceTree = "<group>";
		};
		2E4521F32060EB1D00A6C71D /* Network */ = {
			isa = PBXGroup;
			children = (
				2E4523B320622F6700A6C71D /* PhoneInformation.h */,
				2E4523B420622F6700A6C71D /* PhoneInformation.m */,
				2E4521F62060EB1D00A6C71D /* LujhBaseUrlManager.h */,
				2E4521F42060EB1D00A6C71D /* LujhBaseUrlManager.m */,
				2E4521F72060EB1D00A6C71D /* LujhNetWorkManager.h */,
				2E4521F52060EB1D00A6C71D /* LujhNetWorkManager.m */,
			);
			path = Network;
			sourceTree = "<group>";
		};
		2E4521F82060EB1D00A6C71D /* Class */ = {
			isa = PBXGroup;
			children = (
				2E4522002060EB1D00A6C71D /* HomeVC.h */,
				2E4521FB2060EB1D00A6C71D /* HomeVC.m */,
				2E4521FA2060EB1D00A6C71D /* TestVC.h */,
				2E4521FD2060EB1D00A6C71D /* TestVC.m */,
				2E4521FE2060EB1D00A6C71D /* MeVC.h */,
				2E4521F92060EB1D00A6C71D /* MeVC.m */,
			);
			path = Class;
			sourceTree = "<group>";
		};
		2E4522012060EB1D00A6C71D /* AppDelegate */ = {
			isa = PBXGroup;
			children = (
				2E4522022060EB1D00A6C71D /* AppDelegate.h */,
				2E4522052060EB1D00A6C71D /* AppDelegate.m */,
				2E4522042060EB1D00A6C71D /* AppDelegate+ThirdService.h */,
				2E4522032060EB1D00A6C71D /* AppDelegate+ThirdService.m */,
			);
			path = AppDelegate;
			sourceTree = "<group>";
		};
		2E4522062060EB1D00A6C71D /* Main */ = {
			isa = PBXGroup;
			children = (
				2E4522072060EB1D00A6C71D /* BaseVC.h */,
				2E45220A2060EB1D00A6C71D /* BaseVC.m */,
				2E4522082060EB1D00A6C71D /* TLTabBarViewController.h */,
				2E45220B2060EB1D00A6C71D /* TLTabBarViewController.m */,
				2E4522092060EB1D00A6C71D /* TLNavigationViewController.h */,
				2E45220C2060EB1D00A6C71D /* TLNavigationViewController.m */,
			);
			path = Main;
			sourceTree = "<group>";
		};
		2E4522192060EB2500A6C71D /* BugKit */ = {
			isa = PBXGroup;
			children = (
				2E45222D2060F44000A6C71D /* Bugkit.h */,
				2E45222E2060F47600A6C71D /* BugKitShakeWindow.h */,
				2E45222F2060F47600A6C71D /* BugKitShakeWindow.m */,
				2E4522312060F4C700A6C71D /* BugkitListTableViewController.h */,
				2E4522322060F4C700A6C71D /* BugkitListTableViewController.m */,
				2E45235F2061EF7E00A6C71D /* BugKitLogInfoViewController.h */,
				2E4523602061EF7E00A6C71D /* BugKitLogInfoViewController.m */,
				2E4522342060F70700A6C71D /* BugKitSwitchBaseUrlController.h */,
				2E4522352060F70700A6C71D /* BugKitSwitchBaseUrlController.m */,
				2E4522372060F79A00A6C71D /* BugKitAppDownloadController.h */,
				2E4522382060F79A00A6C71D /* BugKitAppDownloadController.m */,
			);
			path = BugKit;
			sourceTree = SOURCE_ROOT;
		};
		51BC7637DBABB12BCFEB83B5 /* Frameworks */ = {
			isa = PBXGroup;
			children = (
				2E4522B920610A7A00A6C71D /* MobileCoreServices.framework */,
				635E4B980412679DC2C6A5D8 /* libPods-BugKitExample.a */,
			);
			name = Frameworks;
			sourceTree = "<group>";
		};
		C5C590D99007E40AC1F2CD64 /* Pods */ = {
			isa = PBXGroup;
			children = (
				CC8FE3DB659ABD9881EE6918 /* Pods-BugKitExample.debug.xcconfig */,
				C3E9ABB7F8EA7F4D10B830C4 /* Pods-BugKitExample.release.xcconfig */,
			);
			name = Pods;
			sourceTree = "<group>";
		};
/* End PBXGroup section */

/* Begin PBXNativeTarget section */
		2E4521BB2060EA6500A6C71D /* BugKitExample */ = {
			isa = PBXNativeTarget;
			buildConfigurationList = 2E4521E82060EA6500A6C71D /* Build configuration list for PBXNativeTarget "BugKitExample" */;
			buildPhases = (
				509DE79D19320F76BD04C0CD /* [CP] Check Pods Manifest.lock */,
				2E4521B82060EA6500A6C71D /* Sources */,
				2E4521B92060EA6500A6C71D /* Frameworks */,
				2E4521BA2060EA6500A6C71D /* Resources */,
				C1CE0A4F1BE103DD2C3C2460 /* [CP] Embed Pods Frameworks */,
				A6492E0D5B1A4C25F98F4569 /* [CP] Copy Pods Resources */,
			);
			buildRules = (
			);
			dependencies = (
			);
			name = BugKitExample;
			productName = BugKitExample;
			productReference = 2E4521BC2060EA6500A6C71D /* BugKitExample.app */;
			productType = "com.apple.product-type.application";
		};
		2E4521D32060EA6500A6C71D /* BugKitExampleTests */ = {
			isa = PBXNativeTarget;
			buildConfigurationList = 2E4521EB2060EA6500A6C71D /* Build configuration list for PBXNativeTarget "BugKitExampleTests" */;
			buildPhases = (
				2E4521D02060EA6500A6C71D /* Sources */,
				2E4521D12060EA6500A6C71D /* Frameworks */,
				2E4521D22060EA6500A6C71D /* Resources */,
			);
			buildRules = (
			);
			dependencies = (
				2E4521D62060EA6500A6C71D /* PBXTargetDependency */,
			);
			name = BugKitExampleTests;
			productName = BugKitExampleTests;
			productReference = 2E4521D42060EA6500A6C71D /* BugKitExampleTests.xctest */;
			productType = "com.apple.product-type.bundle.unit-test";
		};
		2E45239120622DC500A6C71D /* BugKitExample copy */ = {
			isa = PBXNativeTarget;
			buildConfigurationList = 2E4523AE20622DC500A6C71D /* Build configuration list for PBXNativeTarget "BugKitExample copy" */;
			buildPhases = (
				2E45239320622DC500A6C71D /* Sources */,
				2E4523A420622DC500A6C71D /* Frameworks */,
				2E4523A720622DC500A6C71D /* Resources */,
			);
			buildRules = (
			);
			dependencies = (
			);
			name = "BugKitExample copy";
			productName = BugKitExample;
			productReference = 2E4523B120622DC500A6C71D /* BugKitExample copy.app */;
			productType = "com.apple.product-type.application";
		};
/* End PBXNativeTarget section */

/* Begin PBXProject section */
		2E4521B42060EA6500A6C71D /* Project object */ = {
			isa = PBXProject;
			attributes = {
				LastUpgradeCheck = 0920;
				ORGANIZATIONNAME = lujh;
				TargetAttributes = {
					2E4521BB2060EA6500A6C71D = {
						CreatedOnToolsVersion = 9.2;
						ProvisioningStyle = Manual;
					};
					2E4521D32060EA6500A6C71D = {
						CreatedOnToolsVersion = 9.2;
						ProvisioningStyle = Automatic;
						TestTargetID = 2E4521BB2060EA6500A6C71D;
					};
					2E45239120622DC500A6C71D = {
						ProvisioningStyle = Automatic;
					};
				};
			};
			buildConfigurationList = 2E4521B72060EA6500A6C71D /* Build configuration list for PBXProject "BugKitExample" */;
			compatibilityVersion = "Xcode 8.0";
			developmentRegion = en;
			hasScannedForEncodings = 0;
			knownRegions = (
				en,
				Base,
			);
			mainGroup = 2E4521B32060EA6500A6C71D;
			productRefGroup = 2E4521BD2060EA6500A6C71D /* Products */;
			projectDirPath = "";
			projectRoot = "";
			targets = (
				2E4521BB2060EA6500A6C71D /* BugKitExample */,
				2E4521D32060EA6500A6C71D /* BugKitExampleTests */,
				2E45239120622DC500A6C71D /* BugKitExample copy */,
			);
		};
/* End PBXProject section */

/* Begin PBXResourcesBuildPhase section */
		2E4521BA2060EA6500A6C71D /* Resources */ = {
			isa = PBXResourcesBuildPhase;
			buildActionMask = 2147483647;
			files = (
				2E4521CC2060EA6500A6C71D /* LaunchScreen.storyboard in Resources */,
				2E45220D2060EB1D00A6C71D /* config.json in Resources */,
				2E4521C92060EA6500A6C71D /* Assets.xcassets in Resources */,
				2E4521C72060EA6500A6C71D /* Main.storyboard in Resources */,
			);
			runOnlyForDeploymentPostprocessing = 0;
		};
		2E4521D22060EA6500A6C71D /* Resources */ = {
			isa = PBXResourcesBuildPhase;
			buildActionMask = 2147483647;
			files = (
			);
			runOnlyForDeploymentPostprocessing = 0;
		};
		2E4523A720622DC500A6C71D /* Resources */ = {
			isa = PBXResourcesBuildPhase;
			buildActionMask = 2147483647;
			files = (
				2E4523A820622DC500A6C71D /* LaunchScreen.storyboard in Resources */,
				2E4523A920622DC500A6C71D /* config.json in Resources */,
				2E4523AA20622DC500A6C71D /* Assets.xcassets in Resources */,
				2E4523AB20622DC500A6C71D /* Main.storyboard in Resources */,
			);
			runOnlyForDeploymentPostprocessing = 0;
		};
/* End PBXResourcesBuildPhase section */

/* Begin PBXShellScriptBuildPhase section */
		509DE79D19320F76BD04C0CD /* [CP] Check Pods Manifest.lock */ = {
			isa = PBXShellScriptBuildPhase;
			buildActionMask = 2147483647;
			files = (
			);
			inputPaths = (
				"${PODS_PODFILE_DIR_PATH}/Podfile.lock",
				"${PODS_ROOT}/Manifest.lock",
			);
			name = "[CP] Check Pods Manifest.lock";
			outputPaths = (
				"$(DERIVED_FILE_DIR)/Pods-BugKitExample-checkManifestLockResult.txt",
			);
			runOnlyForDeploymentPostprocessing = 0;
			shellPath = /bin/sh;
			shellScript = "diff \"${PODS_PODFILE_DIR_PATH}/Podfile.lock\" \"${PODS_ROOT}/Manifest.lock\" > /dev/null\nif [ $? != 0 ] ; then\n    # print error to STDERR\n    echo \"error: The sandbox is not in sync with the Podfile.lock. Run 'pod install' or update your CocoaPods installation.\" >&2\n    exit 1\nfi\n# This output is used by Xcode 'outputs' to avoid re-running this script phase.\necho \"SUCCESS\" > \"${SCRIPT_OUTPUT_FILE_0}\"\n";
			showEnvVarsInLog = 0;
		};
		A6492E0D5B1A4C25F98F4569 /* [CP] Copy Pods Resources */ = {
			isa = PBXShellScriptBuildPhase;
			buildActionMask = 2147483647;
			files = (
			);
			inputPaths = (
			);
			name = "[CP] Copy Pods Resources";
			outputPaths = (
			);
			runOnlyForDeploymentPostprocessing = 0;
			shellPath = /bin/sh;
			shellScript = "\"${SRCROOT}/Pods/Target Support Files/Pods-BugKitExample/Pods-BugKitExample-resources.sh\"\n";
			showEnvVarsInLog = 0;
		};
		C1CE0A4F1BE103DD2C3C2460 /* [CP] Embed Pods Frameworks */ = {
			isa = PBXShellScriptBuildPhase;
			buildActionMask = 2147483647;
			files = (
			);
			inputPaths = (
			);
			name = "[CP] Embed Pods Frameworks";
			outputPaths = (
			);
			runOnlyForDeploymentPostprocessing = 0;
			shellPath = /bin/sh;
			shellScript = "\"${SRCROOT}/Pods/Target Support Files/Pods-BugKitExample/Pods-BugKitExample-frameworks.sh\"\n";
			showEnvVarsInLog = 0;
		};
/* End PBXShellScriptBuildPhase section */

/* Begin PBXSourcesBuildPhase section */
		2E4521B82060EA6500A6C71D /* Sources */ = {
			isa = PBXSourcesBuildPhase;
			buildActionMask = 2147483647;
			files = (
				2E4522362060F70700A6C71D /* BugKitSwitchBaseUrlController.m in Sources */,
				2E4522142060EB1D00A6C71D /* AppDelegate+ThirdService.m in Sources */,
				2E4522122060EB1D00A6C71D /* TestVC.m in Sources */,
				2E4523612061EF7E00A6C71D /* BugKitLogInfoViewController.m in Sources */,
				2E4522152060EB1D00A6C71D /* AppDelegate.m in Sources */,
				2E4522172060EB1D00A6C71D /* TLTabBarViewController.m in Sources */,
				2E4522162060EB1D00A6C71D /* BaseVC.m in Sources */,
				2E4522332060F4C700A6C71D /* BugkitListTableViewController.m in Sources */,
				2E4522302060F47600A6C71D /* BugKitShakeWindow.m in Sources */,
				2E4522102060EB1D00A6C71D /* MeVC.m in Sources */,
				2E4523B520622F6700A6C71D /* PhoneInformation.m in Sources */,
				2E4522182060EB1D00A6C71D /* TLNavigationViewController.m in Sources */,
				2E4521CF2060EA6500A6C71D /* main.m in Sources */,
				2E4522392060F79A00A6C71D /* BugKitAppDownloadController.m in Sources */,
				2E45220E2060EB1D00A6C71D /* LujhBaseUrlManager.m in Sources */,
				2E4522112060EB1D00A6C71D /* HomeVC.m in Sources */,
				2E45220F2060EB1D00A6C71D /* LujhNetWorkManager.m in Sources */,
			);
			runOnlyForDeploymentPostprocessing = 0;
		};
		2E4521D02060EA6500A6C71D /* Sources */ = {
			isa = PBXSourcesBuildPhase;
			buildActionMask = 2147483647;
			files = (
				2E4521D92060EA6500A6C71D /* BugKitExampleTests.m in Sources */,
			);
			runOnlyForDeploymentPostprocessing = 0;
		};
		2E45239320622DC500A6C71D /* Sources */ = {
			isa = PBXSourcesBuildPhase;
			buildActionMask = 2147483647;
			files = (
				2E45239420622DC500A6C71D /* BugKitSwitchBaseUrlController.m in Sources */,
				2E45239520622DC500A6C71D /* AppDelegate+ThirdService.m in Sources */,
				2E45239620622DC500A6C71D /* TestVC.m in Sources */,
				2E45239720622DC500A6C71D /* BugKitLogInfoViewController.m in Sources */,
				2E45239820622DC500A6C71D /* AppDelegate.m in Sources */,
				2E45239920622DC500A6C71D /* TLTabBarViewController.m in Sources */,
				2E45239A20622DC500A6C71D /* BaseVC.m in Sources */,
				2E45239B20622DC500A6C71D /* BugkitListTableViewController.m in Sources */,
				2E45239C20622DC500A6C71D /* BugKitShakeWindow.m in Sources */,
				2E45239D20622DC500A6C71D /* MeVC.m in Sources */,
				2E45239E20622DC500A6C71D /* TLNavigationViewController.m in Sources */,
				2E45239F20622DC500A6C71D /* main.m in Sources */,
				2E4523A020622DC500A6C71D /* BugKitAppDownloadController.m in Sources */,
				2E4523A120622DC500A6C71D /* LujhBaseUrlManager.m in Sources */,
				2E4523A220622DC500A6C71D /* HomeVC.m in Sources */,
				2E4523A320622DC500A6C71D /* LujhNetWorkManager.m in Sources */,
			);
			runOnlyForDeploymentPostprocessing = 0;
		};
/* End PBXSourcesBuildPhase section */

/* Begin PBXTargetDependency section */
		2E4521D62060EA6500A6C71D /* PBXTargetDependency */ = {
			isa = PBXTargetDependency;
			target = 2E4521BB2060EA6500A6C71D /* BugKitExample */;
			targetProxy = 2E4521D52060EA6500A6C71D /* PBXContainerItemProxy */;
		};
/* End PBXTargetDependency section */

/* Begin PBXVariantGroup section */
		2E4521C52060EA6500A6C71D /* Main.storyboard */ = {
			isa = PBXVariantGroup;
			children = (
				2E4521C62060EA6500A6C71D /* Base */,
			);
			name = Main.storyboard;
			sourceTree = "<group>";
		};
		2E4521CA2060EA6500A6C71D /* LaunchScreen.storyboard */ = {
			isa = PBXVariantGroup;
			children = (
				2E4521CB2060EA6500A6C71D /* Base */,
			);
			name = LaunchScreen.storyboard;
			sourceTree = "<group>";
		};
/* End PBXVariantGroup section */

/* Begin XCBuildConfiguration section */
		2E4521E62060EA6500A6C71D /* Debug */ = {
			isa = XCBuildConfiguration;
			buildSettings = {
				ALWAYS_SEARCH_USER_PATHS = NO;
				CLANG_ANALYZER_NONNULL = YES;
				CLANG_ANALYZER_NUMBER_OBJECT_CONVERSION = YES_AGGRESSIVE;
				CLANG_CXX_LANGUAGE_STANDARD = "gnu++14";
				CLANG_CXX_LIBRARY = "libc++";
				CLANG_ENABLE_MODULES = YES;
				CLANG_ENABLE_OBJC_ARC = YES;
				CLANG_WARN_BLOCK_CAPTURE_AUTORELEASING = YES;
				CLANG_WARN_BOOL_CONVERSION = YES;
				CLANG_WARN_COMMA = YES;
				CLANG_WARN_CONSTANT_CONVERSION = YES;
				CLANG_WARN_DIRECT_OBJC_ISA_USAGE = YES_ERROR;
				CLANG_WARN_DOCUMENTATION_COMMENTS = YES;
				CLANG_WARN_EMPTY_BODY = YES;
				CLANG_WARN_ENUM_CONVERSION = YES;
				CLANG_WARN_INFINITE_RECURSION = YES;
				CLANG_WARN_INT_CONVERSION = YES;
				CLANG_WARN_NON_LITERAL_NULL_CONVERSION = YES;
				CLANG_WARN_OBJC_LITERAL_CONVERSION = YES;
				CLANG_WARN_OBJC_ROOT_CLASS = YES_ERROR;
				CLANG_WARN_RANGE_LOOP_ANALYSIS = YES;
				CLANG_WARN_STRICT_PROTOTYPES = YES;
				CLANG_WARN_SUSPICIOUS_MOVE = YES;
				CLANG_WARN_UNGUARDED_AVAILABILITY = YES_AGGRESSIVE;
				CLANG_WARN_UNREACHABLE_CODE = YES;
				CLANG_WARN__DUPLICATE_METHOD_MATCH = YES;
				CODE_SIGN_IDENTITY = "iPhone Developer";
				COPY_PHASE_STRIP = NO;
				DEBUG_INFORMATION_FORMAT = dwarf;
				ENABLE_STRICT_OBJC_MSGSEND = YES;
				ENABLE_TESTABILITY = YES;
				GCC_C_LANGUAGE_STANDARD = gnu11;
				GCC_DYNAMIC_NO_PIC = NO;
				GCC_NO_COMMON_BLOCKS = YES;
				GCC_OPTIMIZATION_LEVEL = 0;
				GCC_PREPROCESSOR_DEFINITIONS = (
					"DEBUG=1",
					"$(inherited)",
				);
				GCC_WARN_64_TO_32_BIT_CONVERSION = YES;
				GCC_WARN_ABOUT_RETURN_TYPE = YES_ERROR;
				GCC_WARN_UNDECLARED_SELECTOR = YES;
				GCC_WARN_UNINITIALIZED_AUTOS = YES_AGGRESSIVE;
				GCC_WARN_UNUSED_FUNCTION = YES;
				GCC_WARN_UNUSED_VARIABLE = YES;
				IPHONEOS_DEPLOYMENT_TARGET = 11.2;
				MTL_ENABLE_DEBUG_INFO = YES;
				ONLY_ACTIVE_ARCH = YES;
				SDKROOT = iphoneos;
			};
			name = Debug;
		};
		2E4521E72060EA6500A6C71D /* Release */ = {
			isa = XCBuildConfiguration;
			buildSettings = {
				ALWAYS_SEARCH_USER_PATHS = NO;
				CLANG_ANALYZER_NONNULL = YES;
				CLANG_ANALYZER_NUMBER_OBJECT_CONVERSION = YES_AGGRESSIVE;
				CLANG_CXX_LANGUAGE_STANDARD = "gnu++14";
				CLANG_CXX_LIBRARY = "libc++";
				CLANG_ENABLE_MODULES = YES;
				CLANG_ENABLE_OBJC_ARC = YES;
				CLANG_WARN_BLOCK_CAPTURE_AUTORELEASING = YES;
				CLANG_WARN_BOOL_CONVERSION = YES;
				CLANG_WARN_COMMA = YES;
				CLANG_WARN_CONSTANT_CONVERSION = YES;
				CLANG_WARN_DIRECT_OBJC_ISA_USAGE = YES_ERROR;
				CLANG_WARN_DOCUMENTATION_COMMENTS = YES;
				CLANG_WARN_EMPTY_BODY = YES;
				CLANG_WARN_ENUM_CONVERSION = YES;
				CLANG_WARN_INFINITE_RECURSION = YES;
				CLANG_WARN_INT_CONVERSION = YES;
				CLANG_WARN_NON_LITERAL_NULL_CONVERSION = YES;
				CLANG_WARN_OBJC_LITERAL_CONVERSION = YES;
				CLANG_WARN_OBJC_ROOT_CLASS = YES_ERROR;
				CLANG_WARN_RANGE_LOOP_ANALYSIS = YES;
				CLANG_WARN_STRICT_PROTOTYPES = YES;
				CLANG_WARN_SUSPICIOUS_MOVE = YES;
				CLANG_WARN_UNGUARDED_AVAILABILITY = YES_AGGRESSIVE;
				CLANG_WARN_UNREACHABLE_CODE = YES;
				CLANG_WARN__DUPLICATE_METHOD_MATCH = YES;
				CODE_SIGN_IDENTITY = "iPhone Developer";
				COPY_PHASE_STRIP = NO;
				DEBUG_INFORMATION_FORMAT = "dwarf-with-dsym";
				ENABLE_NS_ASSERTIONS = NO;
				ENABLE_STRICT_OBJC_MSGSEND = YES;
				GCC_C_LANGUAGE_STANDARD = gnu11;
				GCC_NO_COMMON_BLOCKS = YES;
				GCC_WARN_64_TO_32_BIT_CONVERSION = YES;
				GCC_WARN_ABOUT_RETURN_TYPE = YES_ERROR;
				GCC_WARN_UNDECLARED_SELECTOR = YES;
				GCC_WARN_UNINITIALIZED_AUTOS = YES_AGGRESSIVE;
				GCC_WARN_UNUSED_FUNCTION = YES;
				GCC_WARN_UNUSED_VARIABLE = YES;
				IPHONEOS_DEPLOYMENT_TARGET = 11.2;
				MTL_ENABLE_DEBUG_INFO = NO;
				SDKROOT = iphoneos;
				VALIDATE_PRODUCT = YES;
			};
			name = Release;
		};
		2E4521E92060EA6500A6C71D /* Debug */ = {
			isa = XCBuildConfiguration;
			baseConfigurationReference = CC8FE3DB659ABD9881EE6918 /* Pods-BugKitExample.debug.xcconfig */;
			buildSettings = {
				ASSETCATALOG_COMPILER_APPICON_NAME = AppIcon;
				"CODE_SIGN_IDENTITY[sdk=iphoneos*]" = "iPhone Developer";
				CODE_SIGN_STYLE = Manual;
				DEVELOPMENT_TEAM = 9M422A22FH;
				GCC_PREPROCESSOR_DEFINITIONS = (
					"$(inherited)",
					"COCOAPODS=1",
					"DEVELOP=1",
				);
				INFOPLIST_FILE = BugKitExample/Info.plist;
				LD_RUNPATH_SEARCH_PATHS = "$(inherited) @executable_path/Frameworks";
				PRODUCT_BUNDLE_IDENTIFIER = com.bugkit.cn;
				PRODUCT_NAME = "$(TARGET_NAME)";
				PROVISIONING_PROFILE = "5e13535f-345e-4191-afe4-224f305d3acc";
				PROVISIONING_PROFILE_SPECIFIER = bugKitDevelop;
				TARGETED_DEVICE_FAMILY = "1,2";
			};
			name = Debug;
		};
		2E4521EA2060EA6500A6C71D /* Release */ = {
			isa = XCBuildConfiguration;
			baseConfigurationReference = C3E9ABB7F8EA7F4D10B830C4 /* Pods-BugKitExample.release.xcconfig */;
			buildSettings = {
				ASSETCATALOG_COMPILER_APPICON_NAME = AppIcon;
				"CODE_SIGN_IDENTITY[sdk=iphoneos*]" = "iPhone Distribution";
				CODE_SIGN_STYLE = Manual;
				DEVELOPMENT_TEAM = 9M422A22FH;
				GCC_PREPROCESSOR_DEFINITIONS = (
					"$(inherited)",
					"COCOAPODS=1",
					"DEVELOP=1",
				);
				INFOPLIST_FILE = BugKitExample/Info.plist;
				LD_RUNPATH_SEARCH_PATHS = "$(inherited) @executable_path/Frameworks";
				PRODUCT_BUNDLE_IDENTIFIER = com.bugkit.cn;
				PRODUCT_NAME = "$(TARGET_NAME)";
				PROVISIONING_PROFILE = "ed7fe19d-32bb-4159-99fd-6af7c1a75dc6";
				PROVISIONING_PROFILE_SPECIFIER = bugkitDistribution;
				TARGETED_DEVICE_FAMILY = "1,2";
			};
			name = Release;
		};
		2E4521EC2060EA6500A6C71D /* Debug */ = {
			isa = XCBuildConfiguration;
			buildSettings = {
				BUNDLE_LOADER = "$(TEST_HOST)";
				CODE_SIGN_STYLE = Automatic;
				INFOPLIST_FILE = BugKitExampleTests/Info.plist;
				LD_RUNPATH_SEARCH_PATHS = "$(inherited) @executable_path/Frameworks @loader_path/Frameworks";
				PRODUCT_BUNDLE_IDENTIFIER = com.lujh.BugKitExampleTests;
				PRODUCT_NAME = "$(TARGET_NAME)";
				TARGETED_DEVICE_FAMILY = "1,2";
				TEST_HOST = "$(BUILT_PRODUCTS_DIR)/BugKitExample.app/BugKitExample";
			};
			name = Debug;
		};
		2E4521ED2060EA6500A6C71D /* Release */ = {
			isa = XCBuildConfiguration;
			buildSettings = {
				BUNDLE_LOADER = "$(TEST_HOST)";
				CODE_SIGN_STYLE = Automatic;
				INFOPLIST_FILE = BugKitExampleTests/Info.plist;
				LD_RUNPATH_SEARCH_PATHS = "$(inherited) @executable_path/Frameworks @loader_path/Frameworks";
				PRODUCT_BUNDLE_IDENTIFIER = com.lujh.BugKitExampleTests;
				PRODUCT_NAME = "$(TARGET_NAME)";
				TARGETED_DEVICE_FAMILY = "1,2";
				TEST_HOST = "$(BUILT_PRODUCTS_DIR)/BugKitExample.app/BugKitExample";
			};
			name = Release;
		};
		2E4523AF20622DC500A6C71D /* Debug */ = {
			isa = XCBuildConfiguration;
			buildSettings = {
				ASSETCATALOG_COMPILER_APPICON_NAME = AppIcon;
				CODE_SIGN_STYLE = Automatic;
				GCC_PREPROCESSOR_DEFINITIONS = (
					"$(inherited)",
					"COCOAPODS=1",
					"SD_WEBP=1",
				);
				INFOPLIST_FILE = "BugKitExample copy-Info.plist";
				LD_RUNPATH_SEARCH_PATHS = "$(inherited) @executable_path/Frameworks";
				PRODUCT_BUNDLE_IDENTIFIER = com.lujh.BugKitExample;
				PRODUCT_NAME = "$(TARGET_NAME)";
				TARGETED_DEVICE_FAMILY = "1,2";
			};
			name = Debug;
		};
		2E4523B020622DC500A6C71D /* Release */ = {
			isa = XCBuildConfiguration;
			buildSettings = {
				ASSETCATALOG_COMPILER_APPICON_NAME = AppIcon;
				CODE_SIGN_STYLE = Automatic;
				GCC_PREPROCESSOR_DEFINITIONS = (
					"$(inherited)",
					"COCOAPODS=1",
					"SD_WEBP=1",
				);
				INFOPLIST_FILE = "BugKitExample copy-Info.plist";
				LD_RUNPATH_SEARCH_PATHS = "$(inherited) @executable_path/Frameworks";
				PRODUCT_BUNDLE_IDENTIFIER = com.lujh.BugKitExample;
				PRODUCT_NAME = "$(TARGET_NAME)";
				TARGETED_DEVICE_FAMILY = "1,2";
			};
			name = Release;
		};
/* End XCBuildConfiguration section */

/* Begin XCConfigurationList section */
		2E4521B72060EA6500A6C71D /* Build configuration list for PBXProject "BugKitExample" */ = {
			isa = XCConfigurationList;
			buildConfigurations = (
				2E4521E62060EA6500A6C71D /* Debug */,
				2E4521E72060EA6500A6C71D /* Release */,
			);
			defaultConfigurationIsVisible = 0;
			defaultConfigurationName = Release;
		};
		2E4521E82060EA6500A6C71D /* Build configuration list for PBXNativeTarget "BugKitExample" */ = {
			isa = XCConfigurationList;
			buildConfigurations = (
				2E4521E92060EA6500A6C71D /* Debug */,
				2E4521EA2060EA6500A6C71D /* Release */,
			);
			defaultConfigurationIsVisible = 0;
			defaultConfigurationName = Release;
		};
		2E4521EB2060EA6500A6C71D /* Build configuration list for PBXNativeTarget "BugKitExampleTests" */ = {
			isa = XCConfigurationList;
			buildConfigurations = (
				2E4521EC2060EA6500A6C71D /* Debug */,
				2E4521ED2060EA6500A6C71D /* Release */,
			);
			defaultConfigurationIsVisible = 0;
			defaultConfigurationName = Release;
		};
		2E4523AE20622DC500A6C71D /* Build configuration list for PBXNativeTarget "BugKitExample copy" */ = {
			isa = XCConfigurationList;
			buildConfigurations = (
				2E4523AF20622DC500A6C71D /* Debug */,
				2E4523B020622DC500A6C71D /* Release */,
			);
			defaultConfigurationIsVisible = 0;
			defaultConfigurationName = Release;
		};
/* End XCConfigurationList section */
	};
	rootObject = 2E4521B42060EA6500A6C71D /* Project object */;
}
